
Microsoft Visual Studio Solution File, Format Version 12.00
# Visual Studio Version 17
VisualStudioVersion = 17.4.33213.308
MinimumVisualStudioVersion = 10.0.40219.1
Project("{FAE04EC0-301F-11D3-BF4B-00C04F79EFBC}") = "ShineAndDiscs", "ShineAndDiscs\ShineAndDiscs.csproj", "{014F3E08-80E2-43C9-8526-1724195918B7}"
EndProject
Global
	GlobalSection(SolutionConfigurationPlatforms) = preSolution
		Debug|Any CPU = Debug|Any CPU
		Release|Any CPU = Release|Any CPU
	EndGlobalSection
	GlobalSection(ProjectConfigurationPlatforms) = postSolution
		{014F3E08-80E2-43C9-8526-1724195918B7}.Debug|Any CPU.ActiveCfg = Debug|Any CPU
		{014F3E08-80E2-43C9-8526-1724195918B7}.Debug|Any CPU.Build.0 = Debug|Any CPU
		{014F3E08-80E2-43C9-8526-1724195918B7}.Release|Any CPU.ActiveCfg = Release|Any CPU
		{014F3E08-80E2-43C9-8526-1724195918B7}.Release|Any CPU.Build.0 = Release|Any CPU
	EndGlobalSection
	GlobalSection(SolutionProperties) = preSolution
		HideSolutionNode = FALSE
	EndGlobalSection
	GlobalSection(ExtensibilityGlobals) = postSolution
		SolutionGuid = {C4A2312C-2415-4249-B0A0-0FB049A24414}
	EndGlobalSection
EndGlobal
